
Microsoft Visual Studio Solution File, Format Version 12.00
# Visual Studio 15
VisualStudioVersion = 15.0.28307.1684
MinimumVisualStudioVersion = 10.0.40219.1
Project("{FAE04EC0-301F-11D3-BF4B-00C04F79EFBC}") = "PersonalSite", "PersonalSite\PersonalSite.csproj", "{1CA3B33A-7F12-42B6-AAE3-3E4CA53C9CF8}"
EndProject
Global
	GlobalSection(SolutionConfigurationPlatforms) = preSolution
		Debug|Any CPU = Debug|Any CPU
		Release|Any CPU = Release|Any CPU
	EndGlobalSection
	GlobalSection(ProjectConfigurationPlatforms) = postSolution
		{1CA3B33A-7F12-42B6-AAE3-3E4CA53C9CF8}.Debug|Any CPU.ActiveCfg = Debug|Any CPU
		{1CA3B33A-7F12-42B6-AAE3-3E4CA53C9CF8}.Debug|Any CPU.Build.0 = Debug|Any CPU
		{1CA3B33A-7F12-42B6-AAE3-3E4CA53C9CF8}.Release|Any CPU.ActiveCfg = Release|Any CPU
		{1CA3B33A-7F12-42B6-AAE3-3E4CA53C9CF8}.Release|Any CPU.Build.0 = Release|Any CPU
	EndGlobalSection
	GlobalSection(SolutionProperties) = preSolution
		HideSolutionNode = FALSE
	EndGlobalSection
	GlobalSection(ExtensibilityGlobals) = postSolution
		SolutionGuid = {ABF415D8-F323-482B-A523-D31C3524A0DA}
	EndGlobalSection
EndGlobal
